
Microsoft Visual Studio Solution File, Format Version 12.00
# Visual Studio Version 16
VisualStudioVersion = 16.0.29613.14
MinimumVisualStudioVersion = 10.0.40219.1
Project("{FAE04EC0-301F-11D3-BF4B-00C04F79EFBC}") = "Critters", "Critters\Critters.csproj", "{1C50550A-D184-4434-93BF-D05B0BF22698}"
EndProject
Global
	GlobalSection(SolutionConfigurationPlatforms) = preSolution
		Debug|Any CPU = Debug|Any CPU
		Release|Any CPU = Release|Any CPU
	EndGlobalSection
	GlobalSection(ProjectConfigurationPlatforms) = postSolution
		{1C50550A-D184-4434-93BF-D05B0BF22698}.Debug|Any CPU.ActiveCfg = Debug|Any CPU
		{1C50550A-D184-4434-93BF-D05B0BF22698}.Debug|Any CPU.Build.0 = Debug|Any CPU
		{1C50550A-D184-4434-93BF-D05B0BF22698}.Release|Any CPU.ActiveCfg = Release|Any CPU
		{1C50550A-D184-4434-93BF-D05B0BF22698}.Release|Any CPU.Build.0 = Release|Any CPU
	EndGlobalSection
	GlobalSection(SolutionProperties) = preSolution
		HideSolutionNode = FALSE
	EndGlobalSection
	GlobalSection(ExtensibilityGlobals) = postSolution
		SolutionGuid = {79A41E07-AAF1-49DB-988B-1FCE933EC8CA}
	EndGlobalSection
EndGlobal
